
Microsoft Visual Studio Solution File, Format Version 12.00
# Visual Studio Version 17
VisualStudioVersion = 17.14.36518.9 d17.14
MinimumVisualStudioVersion = 10.0.40219.1
Project("{FAE04EC0-301F-11D3-BF4B-00C04F79EFBC}") = "Prueba de GIT", "Prueba de GIT\Prueba de GIT.csproj", "{13EB7FA4-7BC5-49E7-BA64-863AA311DAC1}"
EndProject
Global
	GlobalSection(SolutionConfigurationPlatforms) = preSolution
		Debug|Any CPU = Debug|Any CPU
		Release|Any CPU = Release|Any CPU
	EndGlobalSection
	GlobalSection(ProjectConfigurationPlatforms) = postSolution
		{13EB7FA4-7BC5-49E7-BA64-863AA311DAC1}.Debug|Any CPU.ActiveCfg = Debug|Any CPU
		{13EB7FA4-7BC5-49E7-BA64-863AA311DAC1}.Debug|Any CPU.Build.0 = Debug|Any CPU
		{13EB7FA4-7BC5-49E7-BA64-863AA311DAC1}.Release|Any CPU.ActiveCfg = Release|Any CPU
		{13EB7FA4-7BC5-49E7-BA64-863AA311DAC1}.Release|Any CPU.Build.0 = Release|Any CPU
	EndGlobalSection
	GlobalSection(SolutionProperties) = preSolution
		HideSolutionNode = FALSE
	EndGlobalSection
	GlobalSection(ExtensibilityGlobals) = postSolution
		SolutionGuid = {6D24D790-8CE3-4126-8020-164F5500784D}
	EndGlobalSection
EndGlobal
